
Microsoft Visual Studio Solution File, Format Version 11.00
# Visual Studio 2010
Project("{8BC9CEB8-8B4A-11D0-8D11-00A0C91BC942}") = "d-kycha", "d-kycha\d-kycha.vcxproj", "{5B2C4C27-138F-443F-9946-8ABA3A0878EB}"
EndProject
Project("{8BC9CEB8-8B4A-11D0-8D11-00A0C91BC942}") = "gtest", "gtest\gtest.vcxproj", "{692E0B97-063F-4949-9011-B7ED9B4CE5B2}"
EndProject
Project("{8BC9CEB8-8B4A-11D0-8D11-00A0C91BC942}") = "samples", "samples\samples.vcxproj", "{68B442BF-296B-4F93-99A1-B8F8B3FF4B69}"
EndProject
Project("{8BC9CEB8-8B4A-11D0-8D11-00A0C91BC942}") = "tests", "tests\tests.vcxproj", "{9225D483-430E-483A-9CB9-DDD6E258A1B7}"
EndProject
Global
	GlobalSection(SolutionConfigurationPlatforms) = preSolution
		Debug|Win32 = Debug|Win32
		Release|Win32 = Release|Win32
	EndGlobalSection
	GlobalSection(ProjectConfigurationPlatforms) = postSolution
		{5B2C4C27-138F-443F-9946-8ABA3A0878EB}.Debug|Win32.ActiveCfg = Debug|Win32
		{5B2C4C27-138F-443F-9946-8ABA3A0878EB}.Debug|Win32.Build.0 = Debug|Win32
		{5B2C4C27-138F-443F-9946-8ABA3A0878EB}.Release|Win32.ActiveCfg = Release|Win32
		{5B2C4C27-138F-443F-9946-8ABA3A0878EB}.Release|Win32.Build.0 = Release|Win32
		{692E0B97-063F-4949-9011-B7ED9B4CE5B2}.Debug|Win32.ActiveCfg = Debug|Win32
		{692E0B97-063F-4949-9011-B7ED9B4CE5B2}.Debug|Win32.Build.0 = Debug|Win32
		{692E0B97-063F-4949-9011-B7ED9B4CE5B2}.Release|Win32.ActiveCfg = Release|Win32
		{692E0B97-063F-4949-9011-B7ED9B4CE5B2}.Release|Win32.Build.0 = Release|Win32
		{68B442BF-296B-4F93-99A1-B8F8B3FF4B69}.Debug|Win32.ActiveCfg = Debug|Win32
		{68B442BF-296B-4F93-99A1-B8F8B3FF4B69}.Debug|Win32.Build.0 = Debug|Win32
		{68B442BF-296B-4F93-99A1-B8F8B3FF4B69}.Release|Win32.ActiveCfg = Release|Win32
		{68B442BF-296B-4F93-99A1-B8F8B3FF4B69}.Release|Win32.Build.0 = Release|Win32
		{9225D483-430E-483A-9CB9-DDD6E258A1B7}.Debug|Win32.ActiveCfg = Debug|Win32
		{9225D483-430E-483A-9CB9-DDD6E258A1B7}.Debug|Win32.Build.0 = Debug|Win32
		{9225D483-430E-483A-9CB9-DDD6E258A1B7}.Release|Win32.ActiveCfg = Release|Win32
		{9225D483-430E-483A-9CB9-DDD6E258A1B7}.Release|Win32.Build.0 = Release|Win32
	EndGlobalSection
	GlobalSection(SolutionProperties) = preSolution
		HideSolutionNode = FALSE
	EndGlobalSection
EndGlobal
