
Microsoft Visual Studio Solution File, Format Version 12.00
# Visual Studio 2012
Project("{8BC9CEB8-8B4A-11D0-8D11-00A0C91BC942}") = "d-heap", "d-heap.vcxproj", "{37F5B48F-08D1-44E2-9F45-9A646C375DAD}"
EndProject
Project("{8BC9CEB8-8B4A-11D0-8D11-00A0C91BC942}") = "gtest", "gtest\gtest.vcxproj", "{B3E163FD-FCDB-416C-9C6E-8C1C2D1F4DFB}"
EndProject
Project("{8BC9CEB8-8B4A-11D0-8D11-00A0C91BC942}") = "tests", "tests\tests.vcxproj", "{2A36918B-DF0F-4454-BCD9-0609FBC2DE8D}"
	ProjectSection(ProjectDependencies) = postProject
		{37F5B48F-08D1-44E2-9F45-9A646C375DAD} = {37F5B48F-08D1-44E2-9F45-9A646C375DAD}
	EndProjectSection
EndProject
Project("{8BC9CEB8-8B4A-11D0-8D11-00A0C91BC942}") = "sample_heapsort", "sample_heapsort\sample_heapsort.vcxproj", "{22D554F9-4F19-427B-96E4-04273E03981E}"
EndProject
Project("{8BC9CEB8-8B4A-11D0-8D11-00A0C91BC942}") = "help", "..\help\help.vcxproj", "{1B5BA6EA-BD4C-4A74-808E-5132D6606EC1}"
EndProject
Project("{8BC9CEB8-8B4A-11D0-8D11-00A0C91BC942}") = "tree", "tree\tree.vcxproj", "{635E7C36-7C5D-4EA2-82D2-60B125A786C7}"
EndProject
Global
	GlobalSection(SolutionConfigurationPlatforms) = preSolution
		Debug|Any CPU = Debug|Any CPU
		Debug|Mixed Platforms = Debug|Mixed Platforms
		Debug|Win32 = Debug|Win32
		Release|Any CPU = Release|Any CPU
		Release|Mixed Platforms = Release|Mixed Platforms
		Release|Win32 = Release|Win32
	EndGlobalSection
	GlobalSection(ProjectConfigurationPlatforms) = postSolution
		{37F5B48F-08D1-44E2-9F45-9A646C375DAD}.Debug|Any CPU.ActiveCfg = Debug|Win32
		{37F5B48F-08D1-44E2-9F45-9A646C375DAD}.Debug|Mixed Platforms.ActiveCfg = Debug|Win32
		{37F5B48F-08D1-44E2-9F45-9A646C375DAD}.Debug|Mixed Platforms.Build.0 = Debug|Win32
		{37F5B48F-08D1-44E2-9F45-9A646C375DAD}.Debug|Win32.ActiveCfg = Debug|Win32
		{37F5B48F-08D1-44E2-9F45-9A646C375DAD}.Debug|Win32.Build.0 = Debug|Win32
		{37F5B48F-08D1-44E2-9F45-9A646C375DAD}.Release|Any CPU.ActiveCfg = Release|Win32
		{37F5B48F-08D1-44E2-9F45-9A646C375DAD}.Release|Mixed Platforms.ActiveCfg = Release|Win32
		{37F5B48F-08D1-44E2-9F45-9A646C375DAD}.Release|Mixed Platforms.Build.0 = Release|Win32
		{37F5B48F-08D1-44E2-9F45-9A646C375DAD}.Release|Win32.ActiveCfg = Release|Win32
		{37F5B48F-08D1-44E2-9F45-9A646C375DAD}.Release|Win32.Build.0 = Release|Win32
		{B3E163FD-FCDB-416C-9C6E-8C1C2D1F4DFB}.Debug|Any CPU.ActiveCfg = Debug|Win32
		{B3E163FD-FCDB-416C-9C6E-8C1C2D1F4DFB}.Debug|Mixed Platforms.ActiveCfg = Debug|Win32
		{B3E163FD-FCDB-416C-9C6E-8C1C2D1F4DFB}.Debug|Mixed Platforms.Build.0 = Debug|Win32
		{B3E163FD-FCDB-416C-9C6E-8C1C2D1F4DFB}.Debug|Win32.ActiveCfg = Debug|Win32
		{B3E163FD-FCDB-416C-9C6E-8C1C2D1F4DFB}.Debug|Win32.Build.0 = Debug|Win32
		{B3E163FD-FCDB-416C-9C6E-8C1C2D1F4DFB}.Release|Any CPU.ActiveCfg = Release|Win32
		{B3E163FD-FCDB-416C-9C6E-8C1C2D1F4DFB}.Release|Mixed Platforms.ActiveCfg = Release|Win32
		{B3E163FD-FCDB-416C-9C6E-8C1C2D1F4DFB}.Release|Mixed Platforms.Build.0 = Release|Win32
		{B3E163FD-FCDB-416C-9C6E-8C1C2D1F4DFB}.Release|Win32.ActiveCfg = Release|Win32
		{B3E163FD-FCDB-416C-9C6E-8C1C2D1F4DFB}.Release|Win32.Build.0 = Release|Win32
		{2A36918B-DF0F-4454-BCD9-0609FBC2DE8D}.Debug|Any CPU.ActiveCfg = Debug|Win32
		{2A36918B-DF0F-4454-BCD9-0609FBC2DE8D}.Debug|Mixed Platforms.ActiveCfg = Debug|Win32
		{2A36918B-DF0F-4454-BCD9-0609FBC2DE8D}.Debug|Mixed Platforms.Build.0 = Debug|Win32
		{2A36918B-DF0F-4454-BCD9-0609FBC2DE8D}.Debug|Win32.ActiveCfg = Debug|Win32
		{2A36918B-DF0F-4454-BCD9-0609FBC2DE8D}.Debug|Win32.Build.0 = Debug|Win32
		{2A36918B-DF0F-4454-BCD9-0609FBC2DE8D}.Release|Any CPU.ActiveCfg = Release|Win32
		{2A36918B-DF0F-4454-BCD9-0609FBC2DE8D}.Release|Mixed Platforms.ActiveCfg = Release|Win32
		{2A36918B-DF0F-4454-BCD9-0609FBC2DE8D}.Release|Mixed Platforms.Build.0 = Release|Win32
		{2A36918B-DF0F-4454-BCD9-0609FBC2DE8D}.Release|Win32.ActiveCfg = Release|Win32
		{2A36918B-DF0F-4454-BCD9-0609FBC2DE8D}.Release|Win32.Build.0 = Release|Win32
		{22D554F9-4F19-427B-96E4-04273E03981E}.Debug|Any CPU.ActiveCfg = Debug|Win32
		{22D554F9-4F19-427B-96E4-04273E03981E}.Debug|Mixed Platforms.ActiveCfg = Debug|Win32
		{22D554F9-4F19-427B-96E4-04273E03981E}.Debug|Mixed Platforms.Build.0 = Debug|Win32
		{22D554F9-4F19-427B-96E4-04273E03981E}.Debug|Win32.ActiveCfg = Debug|Win32
		{22D554F9-4F19-427B-96E4-04273E03981E}.Debug|Win32.Build.0 = Debug|Win32
		{22D554F9-4F19-427B-96E4-04273E03981E}.Release|Any CPU.ActiveCfg = Release|Win32
		{22D554F9-4F19-427B-96E4-04273E03981E}.Release|Mixed Platforms.ActiveCfg = Release|Win32
		{22D554F9-4F19-427B-96E4-04273E03981E}.Release|Mixed Platforms.Build.0 = Release|Win32
		{22D554F9-4F19-427B-96E4-04273E03981E}.Release|Win32.ActiveCfg = Release|Win32
		{22D554F9-4F19-427B-96E4-04273E03981E}.Release|Win32.Build.0 = Release|Win32
		{1B5BA6EA-BD4C-4A74-808E-5132D6606EC1}.Debug|Any CPU.ActiveCfg = Debug|Win32
		{1B5BA6EA-BD4C-4A74-808E-5132D6606EC1}.Debug|Mixed Platforms.ActiveCfg = Debug|Win32
		{1B5BA6EA-BD4C-4A74-808E-5132D6606EC1}.Debug|Mixed Platforms.Build.0 = Debug|Win32
		{1B5BA6EA-BD4C-4A74-808E-5132D6606EC1}.Debug|Win32.ActiveCfg = Debug|Win32
		{1B5BA6EA-BD4C-4A74-808E-5132D6606EC1}.Debug|Win32.Build.0 = Debug|Win32
		{1B5BA6EA-BD4C-4A74-808E-5132D6606EC1}.Release|Any CPU.ActiveCfg = Release|Win32
		{1B5BA6EA-BD4C-4A74-808E-5132D6606EC1}.Release|Mixed Platforms.ActiveCfg = Release|Win32
		{1B5BA6EA-BD4C-4A74-808E-5132D6606EC1}.Release|Mixed Platforms.Build.0 = Release|Win32
		{1B5BA6EA-BD4C-4A74-808E-5132D6606EC1}.Release|Win32.ActiveCfg = Release|Win32
		{1B5BA6EA-BD4C-4A74-808E-5132D6606EC1}.Release|Win32.Build.0 = Release|Win32
		{635E7C36-7C5D-4EA2-82D2-60B125A786C7}.Debug|Any CPU.ActiveCfg = Debug|Win32
		{635E7C36-7C5D-4EA2-82D2-60B125A786C7}.Debug|Mixed Platforms.ActiveCfg = Debug|Win32
		{635E7C36-7C5D-4EA2-82D2-60B125A786C7}.Debug|Mixed Platforms.Build.0 = Debug|Win32
		{635E7C36-7C5D-4EA2-82D2-60B125A786C7}.Debug|Win32.ActiveCfg = Debug|Win32
		{635E7C36-7C5D-4EA2-82D2-60B125A786C7}.Debug|Win32.Build.0 = Debug|Win32
		{635E7C36-7C5D-4EA2-82D2-60B125A786C7}.Release|Any CPU.ActiveCfg = Release|Win32
		{635E7C36-7C5D-4EA2-82D2-60B125A786C7}.Release|Mixed Platforms.ActiveCfg = Release|Win32
		{635E7C36-7C5D-4EA2-82D2-60B125A786C7}.Release|Mixed Platforms.Build.0 = Release|Win32
		{635E7C36-7C5D-4EA2-82D2-60B125A786C7}.Release|Win32.ActiveCfg = Release|Win32
		{635E7C36-7C5D-4EA2-82D2-60B125A786C7}.Release|Win32.Build.0 = Release|Win32
	EndGlobalSection
	GlobalSection(SolutionProperties) = preSolution
		HideSolutionNode = FALSE
	EndGlobalSection
EndGlobal
